version = 1
requires-python = "==3.13.0"

[[package]]
name = "db-lib"
version = "0.1.0"
source = { virtual = "." }
dependencies = [
    { name = "sqlalchemy" },
]

[package.metadata]
requires-dist = [{ name = "sqlalchemy", specifier = "==2.0.36" }]

[[package]]
name = "sqlalchemy"
version = "2.0.36"
source = { registry = "https://pypi.org/simple" }
dependencies = [
    { name = "typing-extensions" },
]
sdist = { url = "https://files.pythonhosted.org/packages/50/65/9cbc9c4c3287bed2499e05033e207473504dc4df999ce49385fb1f8b058a/sqlalchemy-2.0.36.tar.gz", hash = "sha256:7f2767680b6d2398aea7082e45a774b2b0767b5c8d8ffb9c8b683088ea9b29c5", size = 9574485 }
wheels = [
    { url = "https://files.pythonhosted.org/packages/78/5c/236398ae3678b3237726819b484f15f5c038a9549da01703a771f05a00d6/SQLAlchemy-2.0.36-cp313-cp313-macosx_10_13_x86_64.whl", hash = "sha256:b5cc79df7f4bc3d11e4b542596c03826063092611e481fcf1c9dfee3c94355ef", size = 2087651 },
    { url = "https://files.pythonhosted.org/packages/a8/14/55c47420c0d23fb67a35af8be4719199b81c59f3084c28d131a7767b0b0b/SQLAlchemy-2.0.36-cp313-cp313-macosx_11_0_arm64.whl", hash = "sha256:3c01117dd36800f2ecaa238c65365b7b16497adc1522bf84906e5710ee9ba0e8", size = 2078132 },
    { url = "https://files.pythonhosted.org/packages/3d/97/1e843b36abff8c4a7aa2e37f9bea364f90d021754c2de94d792c2d91405b/SQLAlchemy-2.0.36-cp313-cp313-manylinux_2_17_aarch64.manylinux2014_aarch64.whl", hash = "sha256:9bc633f4ee4b4c46e7adcb3a9b5ec083bf1d9a97c1d3854b92749d935de40b9b", size = 3164559 },
    { url = "https://files.pythonhosted.org/packages/7b/c5/07f18a897b997f6d6b234fab2bf31dccf66d5d16a79fe329aefc95cd7461/SQLAlchemy-2.0.36-cp313-cp313-manylinux_2_17_x86_64.manylinux2014_x86_64.whl", hash = "sha256:9e46ed38affdfc95d2c958de328d037d87801cfcbea6d421000859e9789e61c2", size = 3177897 },
    { url = "https://files.pythonhosted.org/packages/b3/cd/e16f3cbefd82b5c40b33732da634ec67a5f33b587744c7ab41699789d492/SQLAlchemy-2.0.36-cp313-cp313-musllinux_1_2_aarch64.whl", hash = "sha256:b2985c0b06e989c043f1dc09d4fe89e1616aadd35392aea2844f0458a989eacf", size = 3111289 },
    { url = "https://files.pythonhosted.org/packages/15/85/5b8a3b0bc29c9928aa62b5c91fcc8335f57c1de0a6343873b5f372e3672b/SQLAlchemy-2.0.36-cp313-cp313-musllinux_1_2_x86_64.whl", hash = "sha256:4a121d62ebe7d26fec9155f83f8be5189ef1405f5973ea4874a26fab9f1e262c", size = 3139491 },
    { url = "https://files.pythonhosted.org/packages/a1/95/81babb6089938680dfe2cd3f88cd3fd39cccd1543b7cb603b21ad881bff1/SQLAlchemy-2.0.36-cp313-cp313-win32.whl", hash = "sha256:0572f4bd6f94752167adfd7c1bed84f4b240ee6203a95e05d1e208d488d0d436", size = 2060439 },
    { url = "https://files.pythonhosted.org/packages/c1/ce/5f7428df55660d6879d0522adc73a3364970b5ef33ec17fa125c5dbcac1d/SQLAlchemy-2.0.36-cp313-cp313-win_amd64.whl", hash = "sha256:8c78ac40bde930c60e0f78b3cd184c580f89456dd87fc08f9e3ee3ce8765ce88", size = 2084574 },
    { url = "https://files.pythonhosted.org/packages/b8/49/21633706dd6feb14cd3f7935fc00b60870ea057686035e1a99ae6d9d9d53/SQLAlchemy-2.0.36-py3-none-any.whl", hash = "sha256:fddbe92b4760c6f5d48162aef14824add991aeda8ddadb3c31d56eb15ca69f8e", size = 1883787 },
]

[[package]]
name = "typing-extensions"
version = "4.12.2"
source = { registry = "https://pypi.org/simple" }
sdist = { url = "https://files.pythonhosted.org/packages/df/db/f35a00659bc03fec321ba8bce9420de607a1d37f8342eee1863174c69557/typing_extensions-4.12.2.tar.gz", hash = "sha256:1a7ead55c7e559dd4dee8856e3a88b41225abfe1ce8df57b7c13915fe121ffb8", size = 85321 }
wheels = [
    { url = "https://files.pythonhosted.org/packages/26/9f/ad63fc0248c5379346306f8668cda6e2e2e9c95e01216d2b8ffd9ff037d0/typing_extensions-4.12.2-py3-none-any.whl", hash = "sha256:04e5ca0351e0f3f85c6853954072df659d0d13fac324d0072316b67d7794700d", size = 37438 },
]
